PODS:
  - AFNetworking (3.2.1):
    - AFNetworking/NSURLSession (= 3.2.1)
    - AFNetworking/Reachability (= 3.2.1)
    - AFNetworking/Security (= 3.2.1)
    - AFNetworking/Serialization (= 3.2.1)
    - AFNetworking/UIKit (= 3.2.1)
  - AFNetworking/NSURLSession (3.2.1):
    - AFNetworking/Reachability
    - AFNetworking/Security
    - AFNetworking/Serialization
  - AFNetworking/Reachability (3.2.1)
  - AFNetworking/Security (3.2.1)
  - AFNetworking/Serialization (3.2.1)
  - AFNetworking/UIKit (3.2.1):
    - AFNetworking/NSURLSession
  - ASProgressPopUpView (0.8)
  - BabyBluetooth (0.7.0)
  - CocoaAsyncSocket (7.6.3)
  - FMDB (2.7.5):
    - FMDB/standard (= 2.7.5)
  - FMDB/standard (2.7.5)
  - IQKeyboardManager (3.3.7)
  - Masonry (1.1.0)
  - MBProgressHUD (1.0.0)
  - MJRefresh (3.2.0)
  - RDVTabBarController (1.1.9)
  - SVProgressHUD (2.1.2)

DEPENDENCIES:
  - AFNetworking (~> 3.0)
  - ASProgressPopUpView
  - BabyBluetooth (~> 0.7.0)
  - CocoaAsyncSocket
  - FMDB
  - IQKeyboardManager
  - Masonry
  - MBProgressHUD (~> 1.0.0)
  - MJRefresh
  - RDVTabBarController
  - SVProgressHUD

SPEC REPOS:
  https://github.com/cocoapods/specs.git:
    - AFNetworking
    - ASProgressPopUpView
    - BabyBluetooth
    - CocoaAsyncSocket
    - FMDB
    - IQKeyboardManager
    - Masonry
    - MBProgressHUD
    - MJRefresh
    - RDVTabBarController
    - SVProgressHUD

SPEC CHECKSUMS:
  AFNetworking: b6f891fdfaed196b46c7a83cf209e09697b94057
  ASProgressPopUpView: 945c19297da09a625db48a5a37cabd7756916b9b
  BabyBluetooth: d50758aecf24d4a0ab9271d69f0f116d6bee51c9
  CocoaAsyncSocket: eafaa68a7e0ec99ead0a7b35015e0bf25d2c8987
  FMDB: 2ce00b547f966261cd18927a3ddb07cb6f3db82a
  IQKeyboardManager: 249c3946acf61345c18b038eb50863fe2793e3a8
  Masonry: 678fab65091a9290e40e2832a55e7ab731aad201
  MBProgressHUD: 4890f671c94e8a0f3cf959aa731e9de2f036d71a
  MJRefresh: ed450d6eb9d3346a2cb033ab7eb6de090aeef437
  RDVTabBarController: 67794f7a7a37f8e32f046f85ac67d06ab92d624a
  SVProgressHUD: c404a55d78acbeb7ebb78b76d3faf986475a6994

PODFILE CHECKSUM: c6de0ca12fd9fbcc7fdc402158be573dbe810dfb

COCOAPODS: 1.7.3
